// !$*UTF8*$!
{
	archiveVersion = 1;
	classes = {
	};
	objectVersion = 50;
	objects = {

/* Begin PBXBuildFile section */
		1128AA1F24DBD97D008EF902 /* MemoryGame.swift in Sources */ = {isa = PBXBuildFile; fileRef = 1128AA1E24DBD97D008EF902 /* MemoryGame.swift */; };
		1128AA2124DBDC4F008EF902 /* EmojiMemoryGame.swift in Sources */ = {isa = PBXBuildFile; fileRef = 1128AA2024DBDC4F008EF902 /* EmojiMemoryGame.swift */; };
		11310C5C24D98F990018A305 /* AppDelegate.swift in Sources */ = {isa = PBXBuildFile; fileRef = 11310C5B24D98F990018A305 /* AppDelegate.swift */; };
		11310C5E24D98F990018A305 /* SceneDelegate.swift in Sources */ = {isa = PBXBuildFile; fileRef = 11310C5D24D98F990018A305 /* SceneDelegate.swift */; };
		11310C6024D98F990018A305 /* EmojiMemoryGameView.swift in Sources */ = {isa = PBXBuildFile; fileRef = 11310C5F24D98F990018A305 /* EmojiMemoryGameView.swift */; };
		11310C6224D98F9A0018A305 /* Assets.xcassets in Resources */ = {isa = PBXBuildFile; fileRef = 11310C6124D98F9A0018A305 /* Assets.xcassets */; };
		11310C6524D98F9A0018A305 /* Preview Assets.xcassets in Resources */ = {isa = PBXBuildFile; fileRef = 11310C6424D98F9A0018A305 /* Preview Assets.xcassets */; };
		11310C6824D98F9A0018A305 /* LaunchScreen.storyboard in Resources */ = {isa = PBXBuildFile; fileRef = 11310C6624D98F9A0018A305 /* LaunchScreen.storyboard */; };
		11EE5C4824EC2AC700E85F69 /* GridLayout.swift in Sources */ = {isa = PBXBuildFile; fileRef = 11EE5C4724EC2AC700E85F69 /* GridLayout.swift */; };
		11EE5C4A24EC3AB200E85F69 /* Array+Identifiable.swift in Sources */ = {isa = PBXBuildFile; fileRef = 11EE5C4924EC3AB200E85F69 /* Array+Identifiable.swift */; };
		11F4891624EC182F00546C1E /* Grid.swift in Sources */ = {isa = PBXBuildFile; fileRef = 11F4891524EC182F00546C1E /* Grid.swift */; };
/* End PBXBuildFile section */

/* Begin PBXFileReference section */
		1128AA1E24DBD97D008EF902 /* MemoryGame.swift */ = {isa = PBXFileReference; lastKnownFileType = sourcecode.swift; path = MemoryGame.swift; sourceTree = "<group>"; };
		1128AA2024DBDC4F008EF902 /* EmojiMemoryGame.swift */ = {isa = PBXFileReference; lastKnownFileType = sourcecode.swift; path = EmojiMemoryGame.swift; sourceTree = "<group>"; };
		11310C5824D98F990018A305 /* Memorize.app */ = {isa = PBXFileReference; explicitFileType = wrapper.application; includeInIndex = 0; path = Memorize.app; sourceTree = BUILT_PRODUCTS_DIR; };
		11310C5B24D98F990018A305 /* AppDelegate.swift */ = {isa = PBXFileReference; lastKnownFileType = sourcecode.swift; path = AppDelegate.swift; sourceTree = "<group>"; };
		11310C5D24D98F990018A305 /* SceneDelegate.swift */ = {isa = PBXFileReference; lastKnownFileType = sourcecode.swift; path = SceneDelegate.swift; sourceTree = "<group>"; };
		11310C5F24D98F990018A305 /* EmojiMemoryGameView.swift */ = {isa = PBXFileReference; lastKnownFileType = sourcecode.swift; path = EmojiMemoryGameView.swift; sourceTree = "<group>"; };
		11310C6124D98F9A0018A305 /* Assets.xcassets */ = {isa = PBXFileReference; lastKnownFileType = folder.assetcatalog; path = Assets.xcassets; sourceTree = "<group>"; };
		11310C6424D98F9A0018A305 /* Preview Assets.xcassets */ = {isa = PBXFileReference; lastKnownFileType = folder.assetcatalog; path = "Preview Assets.xcassets"; sourceTree = "<group>"; };
		11310C6724D98F9A0018A305 /* Base */ = {isa = PBXFileReference; lastKnownFileType = file.storyboard; name = Base; path = Base.lproj/LaunchScreen.storyboard; sourceTree = "<group>"; };
		11310C6924D98F9A0018A305 /* Info.plist */ = {isa = PBXFileReference; lastKnownFileType = text.plist.xml; path = Info.plist; sourceTree = "<group>"; };
		11EE5C4724EC2AC700E85F69 /* GridLayout.swift */ = {isa = PBXFileReference; lastKnownFileType = sourcecode.swift; path = GridLayout.swift; sourceTree = "<group>"; };
		11EE5C4924EC3AB200E85F69 /* Array+Identifiable.swift */ = {isa = PBXFileReference; lastKnownFileType = sourcecode.swift; path = "Array+Identifiable.swift"; sourceTree = "<group>"; };
		11F4891524EC182F00546C1E /* Grid.swift */ = {isa = PBXFileReference; lastKnownFileType = sourcecode.swift; path = Grid.swift; sourceTree = "<group>"; };
/* End PBXFileReference section */

/* Begin PBXFrameworksBuildPhase section */
		11310C5524D98F990018A305 /* Frameworks */ = {
			isa = PBXFrameworksBuildPhase;
			buildActionMask = 2147483647;
			files = (
			);
			runOnlyForDeploymentPostprocessing = 0;
		};
/* End PBXFrameworksBuildPhase section */

/* Begin PBXGroup section */
		11310C4F24D98F990018A305 = {
			isa = PBXGroup;
			children = (
				11310C5A24D98F990018A305 /* Memorize */,
				11310C5924D98F990018A305 /* Products */,
			);
			sourceTree = "<group>";
		};
		11310C5924D98F990018A305 /* Products */ = {
			isa = PBXGroup;
			children = (
				11310C5824D98F990018A305 /* Memorize.app */,
			);
			name = Products;
			sourceTree = "<group>";
		};
		11310C5A24D98F990018A305 /* Memorize */ = {
			isa = PBXGroup;
			children = (
				11310C5B24D98F990018A305 /* AppDelegate.swift */,
				11310C5D24D98F990018A305 /* SceneDelegate.swift */,
				11310C5F24D98F990018A305 /* EmojiMemoryGameView.swift */,
				11F4891524EC182F00546C1E /* Grid.swift */,
				11EE5C4924EC3AB200E85F69 /* Array+Identifiable.swift */,
				11EE5C4724EC2AC700E85F69 /* GridLayout.swift */,
				1128AA2024DBDC4F008EF902 /* EmojiMemoryGame.swift */,
				1128AA1E24DBD97D008EF902 /* MemoryGame.swift */,
				11310C6124D98F9A0018A305 /* Assets.xcassets */,
				11310C6624D98F9A0018A305 /* LaunchScreen.storyboard */,
				11310C6924D98F9A0018A305 /* Info.plist */,
				11310C6324D98F9A0018A305 /* Preview Content */,
			);
			path = Memorize;
			sourceTree = "<group>";
		};
		11310C6324D98F9A0018A305 /* Preview Content */ = {
			isa = PBXGroup;
			children = (
				11310C6424D98F9A0018A305 /* Preview Assets.xcassets */,
			);
			path = "Preview Content";
			sourceTree = "<group>";
		};
/* End PBXGroup section */

/* Begin PBXNativeTarget section */
		11310C5724D98F990018A305 /* Memorize */ = {
			isa = PBXNativeTarget;
			buildConfigurationList = 11310C6C24D98F9A0018A305 /* Build configuration list for PBXNativeTarget "Memorize" */;
			buildPhases = (
				11310C5424D98F990018A305 /* Sources */,
				11310C5524D98F990018A305 /* Frameworks */,
				11310C5624D98F990018A305 /* Resources */,
			);
			buildRules = (
			);
			dependencies = (
			);
			name = Memorize;
			productName = Memorize;
			productReference = 11310C5824D98F990018A305 /* Memorize.app */;
			productType = "com.apple.product-type.application";
		};
/* End PBXNativeTarget section */

/* Begin PBXProject section */
		11310C5024D98F990018A305 /* Project object */ = {
			isa = PBXProject;
			attributes = {
				LastSwiftUpdateCheck = 1160;
				LastUpgradeCheck = 1160;
				ORGANIZATIONNAME = "Maksim Kalik";
				TargetAttributes = {
					11310C5724D98F990018A305 = {
						CreatedOnToolsVersion = 11.6;
					};
				};
			};
			buildConfigurationList = 11310C5324D98F990018A305 /* Build configuration list for PBXProject "Memorize" */;
			compatibilityVersion = "Xcode 9.3";
			developmentRegion = en;
			hasScannedForEncodings = 0;
			knownRegions = (
				en,
				Base,
			);
			mainGroup = 11310C4F24D98F990018A305;
			productRefGroup = 11310C5924D98F990018A305 /* Products */;
			projectDirPath = "";
			projectRoot = "";
			targets = (
				11310C5724D98F990018A305 /* Memorize */,
			);
		};
/* End PBXProject section */

/* Begin PBXResourcesBuildPhase section */
		11310C5624D98F990018A305 /* Resources */ = {
			isa = PBXResourcesBuildPhase;
			buildActionMask = 2147483647;
			files = (
				11310C6824D98F9A0018A305 /* LaunchScreen.storyboard in Resources */,
				11310C6524D98F9A0018A305 /* Preview Assets.xcassets in Resources */,
				11310C6224D98F9A0018A305 /* Assets.xcassets in Resources */,
			);
			runOnlyForDeploymentPostprocessing = 0;
		};
/* End PBXResourcesBuildPhase section */

/* Begin PBXSourcesBuildPhase section */
		11310C5424D98F990018A305 /* Sources */ = {
			isa = PBXSourcesBuildPhase;
			buildActionMask = 2147483647;
			files = (
				11310C5C24D98F990018A305 /* AppDelegate.swift in Sources */,
				11310C5E24D98F990018A305 /* SceneDelegate.swift in Sources */,
				1128AA1F24DBD97D008EF902 /* MemoryGame.swift in Sources */,
				11310C6024D98F990018A305 /* EmojiMemoryGameView.swift in Sources */,
				1128AA2124DBDC4F008EF902 /* EmojiMemoryGame.swift in Sources */,
				11EE5C4A24EC3AB200E85F69 /* Array+Identifiable.swift in Sources */,
				11EE5C4824EC2AC700E85F69 /* GridLayout.swift in Sources */,
				11F4891624EC182F00546C1E /* Grid.swift in Sources */,
			);
			runOnlyForDeploymentPostprocessing = 0;
		};
/* End PBXSourcesBuildPhase section */

/* Begin PBXVariantGroup section */
		11310C6624D98F9A0018A305 /* LaunchScreen.storyboard */ = {
			isa = PBXVariantGroup;
			children = (
				11310C6724D98F9A0018A305 /* Base */,
			);
			name = LaunchScreen.storyboard;
			sourceTree = "<group>";
		};
/* End PBXVariantGroup section */

/* Begin XCBuildConfiguration section */
		11310C6A24D98F9A0018A305 /* Debug */ = {
			isa = XCBuildConfiguration;
			buildSettings = {
				ALWAYS_SEARCH_USER_PATHS = NO;
				CLANG_ANALYZER_NONNULL = YES;
				CLANG_ANALYZER_NUMBER_OBJECT_CONVERSION = YES_AGGRESSIVE;
				CLANG_CXX_LANGUAGE_STANDARD = "gnu++14";
				CLANG_CXX_LIBRARY = "libc++";
				CLANG_ENABLE_MODULES = YES;
				CLANG_ENABLE_OBJC_ARC = YES;
				CLANG_ENABLE_OBJC_WEAK = YES;
				CLANG_WARN_BLOCK_CAPTURE_AUTORELEASING = YES;
				CLANG_WARN_BOOL_CONVERSION = YES;
				CLANG_WARN_COMMA = YES;
				CLANG_WARN_CONSTANT_CONVERSION = YES;
				CLANG_WARN_DEPRECATED_OBJC_IMPLEMENTATIONS = YES;
				CLANG_WARN_DIRECT_OBJC_ISA_USAGE = YES_ERROR;
				CLANG_WARN_DOCUMENTATION_COMMENTS = YES;
				CLANG_WARN_EMPTY_BODY = YES;
				CLANG_WARN_ENUM_CONVERSION = YES;
				CLANG_WARN_INFINITE_RECURSION = YES;
				CLANG_WARN_INT_CONVERSION = YES;
				CLANG_WARN_NON_LITERAL_NULL_CONVERSION = YES;
				CLANG_WARN_OBJC_IMPLICIT_RETAIN_SELF = YES;
				CLANG_WARN_OBJC_LITERAL_CONVERSION = YES;
				CLANG_WARN_OBJC_ROOT_CLASS = YES_ERROR;
				CLANG_WARN_RANGE_LOOP_ANALYSIS = YES;
				CLANG_WARN_STRICT_PROTOTYPES = YES;
				CLANG_WARN_SUSPICIOUS_MOVE = YES;
				CLANG_WARN_UNGUARDED_AVAILABILITY = YES_AGGRESSIVE;
				CLANG_WARN_UNREACHABLE_CODE = YES;
				CLANG_WARN__DUPLICATE_METHOD_MATCH = YES;
				COPY_PHASE_STRIP = NO;
				DEBUG_INFORMATION_FORMAT = dwarf;
				ENABLE_STRICT_OBJC_MSGSEND = YES;
				ENABLE_TESTABILITY = YES;
				GCC_C_LANGUAGE_STANDARD = gnu11;
				GCC_DYNAMIC_NO_PIC = NO;
				GCC_NO_COMMON_BLOCKS = YES;
				GCC_OPTIMIZATION_LEVEL = 0;
				GCC_PREPROCESSOR_DEFINITIONS = (
					"DEBUG=1",
					"$(inherited)",
				);
				GCC_WARN_64_TO_32_BIT_CONVERSION = YES;
				GCC_WARN_ABOUT_RETURN_TYPE = YES_ERROR;
				GCC_WARN_UNDECLARED_SELECTOR = YES;
				GCC_WARN_UNINITIALIZED_AUTOS = YES_AGGRESSIVE;
				GCC_WARN_UNUSED_FUNCTION = YES;
				GCC_WARN_UNUSED_VARIABLE = YES;
				IPHONEOS_DEPLOYMENT_TARGET = 13.6;
				MTL_ENABLE_DEBUG_INFO = INCLUDE_SOURCE;
				MTL_FAST_MATH = YES;
				ONLY_ACTIVE_ARCH = YES;
				SDKROOT = iphoneos;
				SWIFT_ACTIVE_COMPILATION_CONDITIONS = DEBUG;
				SWIFT_OPTIMIZATION_LEVEL = "-Onone";
			};
			name = Debug;
		};
		11310C6B24D98F9A0018A305 /* Release */ = {
			isa = XCBuildConfiguration;
			buildSettings = {
				ALWAYS_SEARCH_USER_PATHS = NO;
				CLANG_ANALYZER_NONNULL = YES;
				CLANG_ANALYZER_NUMBER_OBJECT_CONVERSION = YES_AGGRESSIVE;
				CLANG_CXX_LANGUAGE_STANDARD = "gnu++14";
				CLANG_CXX_LIBRARY = "libc++";
				CLANG_ENABLE_MODULES = YES;
				CLANG_ENABLE_OBJC_ARC = YES;
				CLANG_ENABLE_OBJC_WEAK = YES;
				CLANG_WARN_BLOCK_CAPTURE_AUTORELEASING = YES;
				CLANG_WARN_BOOL_CONVERSION = YES;
				CLANG_WARN_COMMA = YES;
				CLANG_WARN_CONSTANT_CONVERSION = YES;
				CLANG_WARN_DEPRECATED_OBJC_IMPLEMENTATIONS = YES;
				CLANG_WARN_DIRECT_OBJC_ISA_USAGE = YES_ERROR;
				CLANG_WARN_DOCUMENTATION_COMMENTS = YES;
				CLANG_WARN_EMPTY_BODY = YES;
				CLANG_WARN_ENUM_CONVERSION = YES;
				CLANG_WARN_INFINITE_RECURSION = YES;
				CLANG_WARN_INT_CONVERSION = YES;
				CLANG_WARN_NON_LITERAL_NULL_CONVERSION = YES;
				CLANG_WARN_OBJC_IMPLICIT_RETAIN_SELF = YES;
				CLANG_WARN_OBJC_LITERAL_CONVERSION = YES;
				CLANG_WARN_OBJC_ROOT_CLASS = YES_ERROR;
				CLANG_WARN_RANGE_LOOP_ANALYSIS = YES;
				CLANG_WARN_STRICT_PROTOTYPES = YES;
				CLANG_WARN_SUSPICIOUS_MOVE = YES;
				CLANG_WARN_UNGUARDED_AVAILABILITY = YES_AGGRESSIVE;
				CLANG_WARN_UNREACHABLE_CODE = YES;
				CLANG_WARN__DUPLICATE_METHOD_MATCH = YES;
				COPY_PHASE_STRIP = NO;
				DEBUG_INFORMATION_FORMAT = "dwarf-with-dsym";
				ENABLE_NS_ASSERTIONS = NO;
				ENABLE_STRICT_OBJC_MSGSEND = YES;
				GCC_C_LANGUAGE_STANDARD = gnu11;
				GCC_NO_COMMON_BLOCKS = YES;
				GCC_WARN_64_TO_32_BIT_CONVERSION = YES;
				GCC_WARN_ABOUT_RETURN_TYPE = YES_ERROR;
				GCC_WARN_UNDECLARED_SELECTOR = YES;
				GCC_WARN_UNINITIALIZED_AUTOS = YES_AGGRESSIVE;
				GCC_WARN_UNUSED_FUNCTION = YES;
				GCC_WARN_UNUSED_VARIABLE = YES;
				IPHONEOS_DEPLOYMENT_TARGET = 13.6;
				MTL_ENABLE_DEBUG_INFO = NO;
				MTL_FAST_MATH = YES;
				SDKROOT = iphoneos;
				SWIFT_COMPILATION_MODE = wholemodule;
				SWIFT_OPTIMIZATION_LEVEL = "-O";
				VALIDATE_PRODUCT = YES;
			};
			name = Release;
		};
		11310C6D24D98F9A0018A305 /* Debug */ = {
			isa = XCBuildConfiguration;
			buildSettings = {
				ASSETCATALOG_COMPILER_APPICON_NAME = AppIcon;
				CODE_SIGN_STYLE = Automatic;
				DEVELOPMENT_ASSET_PATHS = "\"Memorize/Preview Content\"";
				DEVELOPMENT_TEAM = P353H6D448;
				ENABLE_PREVIEWS = YES;
				INFOPLIST_FILE = Memorize/Info.plist;
				LD_RUNPATH_SEARCH_PATHS = (
					"$(inherited)",
					"@executable_path/Frameworks",
				);
				PRODUCT_BUNDLE_IDENTIFIER = com.maxkalik.Memorize;
				PRODUCT_NAME = "$(TARGET_NAME)";
				SWIFT_VERSION = 5.0;
				TARGETED_DEVICE_FAMILY = "1,2";
			};
			name = Debug;
		};
		11310C6E24D98F9A0018A305 /* Release */ = {
			isa = XCBuildConfiguration;
			buildSettings = {
				ASSETCATALOG_COMPILER_APPICON_NAME = AppIcon;
				CODE_SIGN_STYLE = Automatic;
				DEVELOPMENT_ASSET_PATHS = "\"Memorize/Preview Content\"";
				DEVELOPMENT_TEAM = P353H6D448;
				ENABLE_PREVIEWS = YES;
				INFOPLIST_FILE = Memorize/Info.plist;
				LD_RUNPATH_SEARCH_PATHS = (
					"$(inherited)",
					"@executable_path/Frameworks",
				);
				PRODUCT_BUNDLE_IDENTIFIER = com.maxkalik.Memorize;
				PRODUCT_NAME = "$(TARGET_NAME)";
				SWIFT_VERSION = 5.0;
				TARGETED_DEVICE_FAMILY = "1,2";
			};
			name = Release;
		};
/* End XCBuildConfiguration section */

/* Begin XCConfigurationList section */
		11310C5324D98F990018A305 /* Build configuration list for PBXProject "Memorize" */ = {
			isa = XCConfigurationList;
			buildConfigurations = (
				11310C6A24D98F9A0018A305 /* Debug */,
				11310C6B24D98F9A0018A305 /* Release */,
			);
			defaultConfigurationIsVisible = 0;
			defaultConfigurationName = Release;
		};
		11310C6C24D98F9A0018A305 /* Build configuration list for PBXNativeTarget "Memorize" */ = {
			isa = XCConfigurationList;
			buildConfigurations = (
				11310C6D24D98F9A0018A305 /* Debug */,
				11310C6E24D98F9A0018A305 /* Release */,
			);
			defaultConfigurationIsVisible = 0;
			defaultConfigurationName = Release;
		};
/* End XCConfigurationList section */
	};
	rootObject = 11310C5024D98F990018A305 /* Project object */;
}
